
Microsoft Visual Studio Solution File, Format Version 12.00
# Visual Studio 15
VisualStudioVersion = 15.0.26730.12
MinimumVisualStudioVersion = 10.0.40219.1
Project("{FAE04EC0-301F-11D3-BF4B-00C04F79EFBC}") = "Codeer.Friendly.Windows.Grasp.2.0", "Codeer.Friendly.Windows.Grasp.2.0.csproj", "{C30EB623-008A-4424-9048-9528544A5CCD}"
EndProject
Project("{FAE04EC0-301F-11D3-BF4B-00C04F79EFBC}") = "Codeer.Friendly.Windows.Grasp.3.5", "..\Codeer.Friendly.Windows.Grasp.3.5\Codeer.Friendly.Windows.Grasp.3.5.csproj", "{9E5E0422-D4A4-4FB4-9A48-198D15C4D996}"
EndProject
Global
	GlobalSection(SolutionConfigurationPlatforms) = preSolution
		Debug|Any CPU = Debug|Any CPU
		Release|Any CPU = Release|Any CPU
		Release-Eng|Any CPU = Release-Eng|Any CPU
	EndGlobalSection
	GlobalSection(ProjectConfigurationPlatforms) = postSolution
		{C30EB623-008A-4424-9048-9528544A5CCD}.Debug|Any CPU.ActiveCfg = Debug|Any CPU
		{C30EB623-008A-4424-9048-9528544A5CCD}.Debug|Any CPU.Build.0 = Debug|Any CPU
		{C30EB623-008A-4424-9048-9528544A5CCD}.Release|Any CPU.ActiveCfg = Release|Any CPU
		{C30EB623-008A-4424-9048-9528544A5CCD}.Release|Any CPU.Build.0 = Release|Any CPU
		{C30EB623-008A-4424-9048-9528544A5CCD}.Release-Eng|Any CPU.ActiveCfg = Release-Eng|Any CPU
		{C30EB623-008A-4424-9048-9528544A5CCD}.Release-Eng|Any CPU.Build.0 = Release-Eng|Any CPU
		{9E5E0422-D4A4-4FB4-9A48-198D15C4D996}.Debug|Any CPU.ActiveCfg = Debug|Any CPU
		{9E5E0422-D4A4-4FB4-9A48-198D15C4D996}.Debug|Any CPU.Build.0 = Debug|Any CPU
		{9E5E0422-D4A4-4FB4-9A48-198D15C4D996}.Release|Any CPU.ActiveCfg = Release|Any CPU
		{9E5E0422-D4A4-4FB4-9A48-198D15C4D996}.Release|Any CPU.Build.0 = Release|Any CPU
		{9E5E0422-D4A4-4FB4-9A48-198D15C4D996}.Release-Eng|Any CPU.ActiveCfg = Release-Eng|Any CPU
		{9E5E0422-D4A4-4FB4-9A48-198D15C4D996}.Release-Eng|Any CPU.Build.0 = Release-Eng|Any CPU
	EndGlobalSection
	GlobalSection(SolutionProperties) = preSolution
		HideSolutionNode = FALSE
	EndGlobalSection
	GlobalSection(ExtensibilityGlobals) = postSolution
		SolutionGuid = {CD6265B4-071E-4A49-BCB5-A6DE5D8524B5}
	EndGlobalSection
EndGlobal
